# THIS IS AN AUTOGENERATED FILE. DO NOT EDIT THIS FILE DIRECTLY.
# yarn lockfile v1


"@choojs/findup@^0.2.0":
  "integrity" "sha512-YstAqNb0MCN8PjdLCDfRsBcGVRN41f3vgLvaI0IrIcBp4AqILRSS0DeWNGkicC+f/zRIPJLc+9RURVSepwvfBw=="
  "resolved" "https://registry.npmjs.org/@choojs/findup/-/findup-0.2.1.tgz"
  "version" "0.2.1"
  dependencies:
    "commander" "^2.15.1"

"@parcel/cache@2.4.1":
  "integrity" "sha512-2N5ly++p/yefmPdK39X1QIoA2e6NtS1aYSsxrIC9EX92Kjd7SfSceqUJhlJWB49omJSheEJLd1qM3EJG9EvICQ=="
  "resolved" "https://registry.npmjs.org/@parcel/cache/-/cache-2.4.1.tgz"
  "version" "2.4.1"
  dependencies:
    "@parcel/fs" "2.4.1"
    "@parcel/logger" "2.4.1"
    "@parcel/utils" "2.4.1"
    "lmdb" "2.2.4"

"@parcel/codeframe@2.4.1":
  "integrity" "sha512-m3WDeEpWvgqekCqsHfPMJrSQquahdIgSR1x1RDCqQ1YelvW0fQiGgu42MXI5tjoBrHC1l1mF01UDb+xMSxz1DA=="
  "resolved" "https://registry.npmjs.org/@parcel/codeframe/-/codeframe-2.4.1.tgz"
  "version" "2.4.1"
  dependencies:
    "chalk" "^4.1.0"

"@parcel/core@^2.4.1":
  "integrity" "sha512-h2FvqLA75ZQdIXX1y+ylGjIIi7YtbAUJyIapxaO081h3EsYG2jr9sRL4sym5ECgmvbyua/DEgtMLX3eGYn09FA=="
  "resolved" "https://registry.npmjs.org/@parcel/core/-/core-2.4.1.tgz"
  "version" "2.4.1"
  dependencies:
    "@parcel/cache" "2.4.1"
    "@parcel/diagnostic" "2.4.1"
    "@parcel/events" "2.4.1"
    "@parcel/fs" "2.4.1"
    "@parcel/graph" "2.4.1"
    "@parcel/hash" "2.4.1"
    "@parcel/logger" "2.4.1"
    "@parcel/package-manager" "2.4.1"
    "@parcel/plugin" "2.4.1"
    "@parcel/source-map" "^2.0.0"
    "@parcel/types" "2.4.1"
    "@parcel/utils" "2.4.1"
    "@parcel/workers" "2.4.1"
    "abortcontroller-polyfill" "^1.1.9"
    "base-x" "^3.0.8"
    "browserslist" "^4.6.6"
    "clone" "^2.1.1"
    "dotenv" "^7.0.0"
    "dotenv-expand" "^5.1.0"
    "json-source-map" "^0.6.1"
    "json5" "^2.2.0"
    "msgpackr" "^1.5.4"
    "nullthrows" "^1.1.1"
    "semver" "^5.7.1"

"@parcel/diagnostic@2.4.1":
  "integrity" "sha512-wmJIfn0PG2ABuraS+kMjl6UKaLjTDTtG+XkjJLWHzU/dd5RozqAZDKp65GWjvHzHLx7KICTAdUJsXh2s3TnTOQ=="
  "resolved" "https://registry.npmjs.org/@parcel/diagnostic/-/diagnostic-2.4.1.tgz"
  "version" "2.4.1"
  dependencies:
    "json-source-map" "^0.6.1"
    "nullthrows" "^1.1.1"

"@parcel/events@2.4.1":
  "integrity" "sha512-er2jwyzYt3Zimkrp7TR865GIeIMYNd7YSSxW39y/egm4LIPBsruUpHSnKRD5b65Jd+gckkxDsnrpADG6MH1zNw=="
  "resolved" "https://registry.npmjs.org/@parcel/events/-/events-2.4.1.tgz"
  "version" "2.4.1"

"@parcel/fs-search@2.4.1":
  "integrity" "sha512-xfoLvHjHkZm4VZf3UWU5v6gzz+x7IBVY7siHGn0YyGwvlv73FmiR4mCSizqerXOyXknF2fpg6tNHNQyyNLS32Q=="
  "resolved" "https://registry.npmjs.org/@parcel/fs-search/-/fs-search-2.4.1.tgz"
  "version" "2.4.1"
  dependencies:
    "detect-libc" "^1.0.3"

"@parcel/fs@2.4.1":
  "integrity" "sha512-kE9HzW6XjO/ZA5bQnAzp1YVmGlXeDqUaius2cH2K0wU7KQX/GBjyfEWJm/UsKPB6QIrGXgkPH6ashNzOgwDqpw=="
  "resolved" "https://registry.npmjs.org/@parcel/fs/-/fs-2.4.1.tgz"
  "version" "2.4.1"
  dependencies:
    "@parcel/fs-search" "2.4.1"
    "@parcel/types" "2.4.1"
    "@parcel/utils" "2.4.1"
    "@parcel/watcher" "^2.0.0"
    "@parcel/workers" "2.4.1"

"@parcel/graph@2.4.1":
  "integrity" "sha512-3JCnPI9BJdKpGIk6NtVN7ML3C/J9Ey+WfUfk8WisDxFP7vjYkXwZbNSR/HnxH+Y03wmB6cv4HI8A4kndF0H0pw=="
  "resolved" "https://registry.npmjs.org/@parcel/graph/-/graph-2.4.1.tgz"
  "version" "2.4.1"
  dependencies:
    "@parcel/utils" "2.4.1"
    "nullthrows" "^1.1.1"

"@parcel/hash@2.4.1":
  "integrity" "sha512-Ch1kkFPedef3geapU+XYmAdZY29u3eQXn/twMjowAKkWCmj6wZ+muUgBmOO2uCfK3xys7GycI8jYZcAbF5DVLg=="
  "resolved" "https://registry.npmjs.org/@parcel/hash/-/hash-2.4.1.tgz"
  "version" "2.4.1"
  dependencies:
    "detect-libc" "^1.0.3"
    "xxhash-wasm" "^0.4.2"

"@parcel/logger@2.4.1":
  "integrity" "sha512-wm7FoKY+1dyo+Dd7Z4b0d6hmpgRBWfZwCoZSSyhgbG96Ty68/oo3m7oEMXPfry8IVGIhShmWKDp4py44PH3l7w=="
  "resolved" "https://registry.npmjs.org/@parcel/logger/-/logger-2.4.1.tgz"
  "version" "2.4.1"
  dependencies:
    "@parcel/diagnostic" "2.4.1"
    "@parcel/events" "2.4.1"

"@parcel/markdown-ansi@2.4.1":
  "integrity" "sha512-BkWhzbKQhTQ9lS96ZMMG0KyXSJBFdNeBVobWrdrrwcFlNER0nt2m6fdF7Hfpf1TqFhM4tT+GNFtON7ybL53RiQ=="
  "resolved" "https://registry.npmjs.org/@parcel/markdown-ansi/-/markdown-ansi-2.4.1.tgz"
  "version" "2.4.1"
  dependencies:
    "chalk" "^4.1.0"

"@parcel/package-manager@2.4.1":
  "integrity" "sha512-JUUinm4U3hy4epHl9A389xb+BGiFR8n9+qw3Z4UDfS1te43sh8+0virBGcnai/G7mlr5/vHW+l9xulc7WQaY6w=="
  "resolved" "https://registry.npmjs.org/@parcel/package-manager/-/package-manager-2.4.1.tgz"
  "version" "2.4.1"
  dependencies:
    "@parcel/diagnostic" "2.4.1"
    "@parcel/fs" "2.4.1"
    "@parcel/logger" "2.4.1"
    "@parcel/types" "2.4.1"
    "@parcel/utils" "2.4.1"
    "@parcel/workers" "2.4.1"
    "semver" "^5.7.1"

"@parcel/plugin@2.4.1":
  "integrity" "sha512-EJzNhwNWYuSpIPRlG1U2hKcovq/RsVie4Os1z51/e2dcCto/uAoJOMoWYYsCxtjkJ7BjFYyQ7fcZRKM9DEr6gQ=="
  "resolved" "https://registry.npmjs.org/@parcel/plugin/-/plugin-2.4.1.tgz"
  "version" "2.4.1"
  dependencies:
    "@parcel/types" "2.4.1"

"@parcel/source-map@^2.0.0":
  "integrity" "sha512-NnUrPYLpYB6qyx2v6bcRPn/gVigmGG6M6xL8wIg/i0dP1GLkuY1nf+Hqdf63FzPTqqT7K3k6eE5yHPQVMO5jcA=="
  "resolved" "https://registry.npmjs.org/@parcel/source-map/-/source-map-2.0.2.tgz"
  "version" "2.0.2"
  dependencies:
    "detect-libc" "^1.0.3"

"@parcel/transformer-glsl@^2.4.1":
  "integrity" "sha512-6YKdTazAOibp4IoOYRDKZrgloqMv9QG69KQpCRf2uxVfMdRTdbd/3PZoJg5JdUhnnLU/vJ/EUAdVUTJXiOMbhA=="
  "resolved" "https://registry.npmjs.org/@parcel/transformer-glsl/-/transformer-glsl-2.4.1.tgz"
  "version" "2.4.1"
  dependencies:
    "@parcel/plugin" "2.4.1"
    "glslify-bundle" "^5.1.1"
    "glslify-deps" "^1.3.2"

"@parcel/transformer-sass@2.4.1":
  "integrity" "sha512-MRvQw2RYARF/jzxlgg3TE1a1cEatWIoVDdODvgWSa/SBPobM1R3/g6Fs5UN7CcXi8EvVMZszCrwrQ+Mnw1KAFA=="
  "resolved" "https://registry.npmjs.org/@parcel/transformer-sass/-/transformer-sass-2.4.1.tgz"
  "version" "2.4.1"
  dependencies:
    "@parcel/plugin" "2.4.1"
    "@parcel/source-map" "^2.0.0"
    "sass" "^1.38.0"

"@parcel/types@2.4.1":
  "integrity" "sha512-YqkiyGS8oiD89Z2lJP7sbjn0F0wlSJMAuqgqf7obeKj0zmZJS7n2xK0uUEuIlUO+Cbqgl0kCGsUSjuT8xcEqjg=="
  "resolved" "https://registry.npmjs.org/@parcel/types/-/types-2.4.1.tgz"
  "version" "2.4.1"
  dependencies:
    "@parcel/cache" "2.4.1"
    "@parcel/diagnostic" "2.4.1"
    "@parcel/fs" "2.4.1"
    "@parcel/package-manager" "2.4.1"
    "@parcel/source-map" "^2.0.0"
    "@parcel/workers" "2.4.1"
    "utility-types" "^3.10.0"

"@parcel/utils@2.4.1":
  "integrity" "sha512-hmbrnPtFAfMT6s9FMMIVlIzCwEFX/+byB67GoJmSCAMRmj6RMu4a6xKlv2FdzkTKJV2ucg8vxAcua0MQ/q8rkQ=="
  "resolved" "https://registry.npmjs.org/@parcel/utils/-/utils-2.4.1.tgz"
  "version" "2.4.1"
  dependencies:
    "@parcel/codeframe" "2.4.1"
    "@parcel/diagnostic" "2.4.1"
    "@parcel/hash" "2.4.1"
    "@parcel/logger" "2.4.1"
    "@parcel/markdown-ansi" "2.4.1"
    "@parcel/source-map" "^2.0.0"
    "chalk" "^4.1.0"

"@parcel/watcher@^2.0.0":
  "integrity" "sha512-x0hUbjv891omnkcHD7ZOhiyyUqUUR6MNjq89JhEI3BxppeKWAm6NPQsqqRrAkCJBogdT/o/My21sXtTI9rJIsw=="
  "resolved" "https://registry.npmjs.org/@parcel/watcher/-/watcher-2.0.5.tgz"
  "version" "2.0.5"
  dependencies:
    "node-addon-api" "^3.2.1"
    "node-gyp-build" "^4.3.0"

"@parcel/workers@2.4.1":
  "integrity" "sha512-EYujbJOblFqIt2NGQ+baIYTuavJqbhy84IfZ3j0jmACeKO5Ew1EHXZyl9LJgWHKaIPZsnvnbxw2mDOF05K65xQ=="
  "resolved" "https://registry.npmjs.org/@parcel/workers/-/workers-2.4.1.tgz"
  "version" "2.4.1"
  dependencies:
    "@parcel/diagnostic" "2.4.1"
    "@parcel/logger" "2.4.1"
    "@parcel/types" "2.4.1"
    "@parcel/utils" "2.4.1"
    "chrome-trace-event" "^1.0.2"
    "nullthrows" "^1.1.1"

"abortcontroller-polyfill@^1.1.9":
  "integrity" "sha512-zetDJxd89y3X99Kvo4qFx8GKlt6GsvN3UcRZHwU6iFA/0KiOmhkTVhe8oRoTBiTVPZu09x3vCra47+w8Yz1+2Q=="
  "resolved" "https://registry.npmjs.org/abortcontroller-polyfill/-/abortcontroller-polyfill-1.7.3.tgz"
  "version" "1.7.3"

"ansi-styles@^4.1.0":
  "integrity" "sha512-zbB9rCJAT1rbjiVDb2hqKFHNYLxgtk8NURxZ3IZwD3F6NtxbXZQCnnSi1Lkx+IDohdPlFp222wVALIheZJQSEg=="
  "resolved" "https://registry.npmjs.org/ansi-styles/-/ansi-styles-4.3.0.tgz"
  "version" "4.3.0"
  dependencies:
    "color-convert" "^2.0.1"

"anymatch@~3.1.2":
  "integrity" "sha512-P43ePfOAIupkguHUycrc4qJ9kz8ZiuOUijaETwX7THt0Y/GNK7v0aa8rY816xWjZ7rJdA5XdMcpVFTKMq+RvWg=="
  "resolved" "https://registry.npmjs.org/anymatch/-/anymatch-3.1.2.tgz"
  "version" "3.1.2"
  dependencies:
    "normalize-path" "^3.0.0"
    "picomatch" "^2.0.4"

"base-x@^3.0.8":
  "integrity" "sha512-H7JU6iBHTal1gp56aKoaa//YUxEaAOUiydvrV/pILqIHXTtqxSkATOnDA2u+jZ/61sD+L/412+7kzXRtWukhpQ=="
  "resolved" "https://registry.npmjs.org/base-x/-/base-x-3.0.9.tgz"
  "version" "3.0.9"
  dependencies:
    "safe-buffer" "^5.0.1"

"binary-extensions@^2.0.0":
  "integrity" "sha512-jDctJ/IVQbZoJykoeHbhXpOlNBqGNcwXJKJog42E5HDPUwQTSdjCHdihjj0DlnheQ7blbT6dHOafNAiS8ooQKA=="
  "resolved" "https://registry.npmjs.org/binary-extensions/-/binary-extensions-2.2.0.tgz"
  "version" "2.2.0"

"braces@~3.0.2":
  "integrity" "sha512-b8um+L1RzM3WDSzvhm6gIz1yfTbBt6YTlcEKAvsmqCZZFw46z626lVj9j1yEPW33H5H+lBQpZMP1k8l+78Ha0A=="
  "resolved" "https://registry.npmjs.org/braces/-/braces-3.0.2.tgz"
  "version" "3.0.2"
  dependencies:
    "fill-range" "^7.0.1"

"browserslist@^4.6.6":
  "integrity" "sha512-CQOBCqp/9pDvDbx3xfMi+86pr4KXIf2FDkTTdeuYw8OxS9t898LA1Khq57gtufFILXpfgsSx5woNgsBgvGjpsA=="
  "resolved" "https://registry.npmjs.org/browserslist/-/browserslist-4.20.2.tgz"
  "version" "4.20.2"
  dependencies:
    "caniuse-lite" "^1.0.30001317"
    "electron-to-chromium" "^1.4.84"
    "escalade" "^3.1.1"
    "node-releases" "^2.0.2"
    "picocolors" "^1.0.0"

"caniuse-lite@^1.0.30001317":
  "integrity" "sha512-10T30NYOEQtN6C11YGg411yebhvpnC6Z102+B95eAsN0oB6KUs01ivE8u+G6FMIRtIrVlYXhL+LUwQ3/hXwDWw=="
  "resolved" "https://registry.npmjs.org/caniuse-lite/-/caniuse-lite-1.0.30001332.tgz"
  "version" "1.0.30001332"

"chalk@^4.1.0":
  "integrity" "sha512-oKnbhFyRIXpUuez8iBMmyEa4nbj4IOQyuhc/wy9kY7/WVPcwIO9VA668Pu8RkO7+0G76SLROeyw9CpQ061i4mA=="
  "resolved" "https://registry.npmjs.org/chalk/-/chalk-4.1.2.tgz"
  "version" "4.1.2"
  dependencies:
    "ansi-styles" "^4.1.0"
    "supports-color" "^7.1.0"

"chokidar@>=3.0.0 <4.0.0":
  "integrity" "sha512-Dr3sfKRP6oTcjf2JmUmFJfeVMvXBdegxB0iVQ5eb2V10uFJUCAS8OByZdVAyVb8xXNz3GjjTgj9kLWsZTqE6kw=="
  "resolved" "https://registry.npmjs.org/chokidar/-/chokidar-3.5.3.tgz"
  "version" "3.5.3"
  dependencies:
    "anymatch" "~3.1.2"
    "braces" "~3.0.2"
    "glob-parent" "~5.1.2"
    "is-binary-path" "~2.1.0"
    "is-glob" "~4.0.1"
    "normalize-path" "~3.0.0"
    "readdirp" "~3.6.0"
  optionalDependencies:
    "fsevents" "~2.3.2"

"chrome-trace-event@^1.0.2":
  "integrity" "sha512-p3KULyQg4S7NIHixdwbGX+nFHkoBiA4YQmyWtjb8XngSKV124nJmRysgAeujbUVb15vh+RvFUfCPqU7rXk+hZg=="
  "resolved" "https://registry.npmjs.org/chrome-trace-event/-/chrome-trace-event-1.0.3.tgz"
  "version" "1.0.3"

"clone@^2.1.1":
  "integrity" "sha1-G39Ln1kfHo+DZwQBYANFoCiHQ18="
  "resolved" "https://registry.npmjs.org/clone/-/clone-2.1.2.tgz"
  "version" "2.1.2"

"color-convert@^2.0.1":
  "integrity" "sha512-RRECPsj7iu/xb5oKYcsFHSppFNnsj/52OVTRKb4zP5onXwVF3zVmmToNcOfGC+CRDpfK/U584fMg38ZHCaElKQ=="
  "resolved" "https://registry.npmjs.org/color-convert/-/color-convert-2.0.1.tgz"
  "version" "2.0.1"
  dependencies:
    "color-name" "~1.1.4"

"color-name@~1.1.4":
  "integrity" "sha512-dOy+3AuW3a2wNbZHIuMZpTcgjGuLU/uBL/ubcZF9OXbDo8ff4O8yVp5Bf0efS8uEoYo5q4Fx7dY9OgQGXgAsQA=="
  "resolved" "https://registry.npmjs.org/color-name/-/color-name-1.1.4.tgz"
  "version" "1.1.4"

"commander@^2.15.1":
  "integrity" "sha512-GpVkmM8vF2vQUkj2LvZmD35JxeJOLCwJ9cUkugyk2nuhbv3+mJvpLYYt+0+USMxE+oj+ey/lJEnhZw75x/OMcQ=="
  "resolved" "https://registry.npmjs.org/commander/-/commander-2.20.3.tgz"
  "version" "2.20.3"

"core-util-is@~1.0.0":
  "integrity" "sha512-ZQBvi1DcpJ4GDqanjucZ2Hj3wEO5pZDS89BWbkcrvdxksJorwUDDZamX9ldFkp9aw2lmBDLgkObEA4DWNJ9FYQ=="
  "resolved" "https://registry.npmjs.org/core-util-is/-/core-util-is-1.0.3.tgz"
  "version" "1.0.3"

"dat.gui@^0.7.9":
  "integrity" "sha512-sCNc1OHobc+Erc1HqiswYgHdVNpSJUlk/Hz8vzOCsER7rl+oF/4+v8GXFUyCgtXpoCX6+bnmg07DedLvBLwYKQ=="
  "resolved" "https://registry.npmjs.org/dat.gui/-/dat.gui-0.7.9.tgz"
  "version" "0.7.9"

"detect-libc@^1.0.3":
  "integrity" "sha1-+hN8S9aY7fVc1c0CrFWfkaTEups="
  "resolved" "https://registry.npmjs.org/detect-libc/-/detect-libc-1.0.3.tgz"
  "version" "1.0.3"

"dotenv-expand@^5.1.0":
  "integrity" "sha512-YXQl1DSa4/PQyRfgrv6aoNjhasp/p4qs9FjJ4q4cQk+8m4r6k4ZSiEyytKG8f8W9gi8WsQtIObNmKd+tMzNTmA=="
  "resolved" "https://registry.npmjs.org/dotenv-expand/-/dotenv-expand-5.1.0.tgz"
  "version" "5.1.0"

"dotenv@^7.0.0":
  "integrity" "sha512-M3NhsLbV1i6HuGzBUH8vXrtxOk+tWmzWKDMbAVSUp3Zsjm7ywFeuwrUXhmhQyRK1q5B5GGy7hcXPbj3bnfZg2g=="
  "resolved" "https://registry.npmjs.org/dotenv/-/dotenv-7.0.0.tgz"
  "version" "7.0.0"

"electron-to-chromium@^1.4.84":
  "integrity" "sha512-gRwLpVYWHGbERPU6o8pKfR168V6enWEXzZc6zQNNXbgJ7UJna+9qzAIHY94+9KOv71D/CH+QebLA9pChD2q8zA=="
  "resolved" "https://registry.npmjs.org/electron-to-chromium/-/electron-to-chromium-1.4.114.tgz"
  "version" "1.4.114"

"escalade@^3.1.1":
  "integrity" "sha512-k0er2gUkLf8O0zKJiAhmkTnJlTvINGv7ygDNPbeIsX/TJjGJZHuh9B2UxbsaEkmlEo9MfhrSzmhIlhRlI2GXnw=="
  "resolved" "https://registry.npmjs.org/escalade/-/escalade-3.1.1.tgz"
  "version" "3.1.1"

"events@^3.2.0":
  "integrity" "sha512-mQw+2fkQbALzQ7V0MY0IqdnXNOeTtP4r0lN9z7AAawCXgqea7bDii20AYrIBrFd/Hx0M2Ocz6S111CaFkUcb0Q=="
  "resolved" "https://registry.npmjs.org/events/-/events-3.3.0.tgz"
  "version" "3.3.0"

"fill-range@^7.0.1":
  "integrity" "sha512-qOo9F+dMUmC2Lcb4BbVvnKJxTPjCm+RRpe4gDuGrzkL7mEVl/djYSu2OdQ2Pa302N4oqkSg9ir6jaLWJ2USVpQ=="
  "resolved" "https://registry.npmjs.org/fill-range/-/fill-range-7.0.1.tgz"
  "version" "7.0.1"
  dependencies:
    "to-regex-range" "^5.0.1"

"fsevents@~2.3.2":
  "integrity" "sha512-xiqMQR4xAeHTuB9uWm+fFRcIOgKBMiOBP+eXiyT7jsgVCq1bkVygt00oASowB7EdtpOHaaPgKt812P9ab+DDKA=="
  "resolved" "https://registry.npmjs.org/fsevents/-/fsevents-2.3.2.tgz"
  "version" "2.3.2"

"function-bind@^1.1.1":
  "integrity" "sha512-yIovAzMX49sF8Yl58fSCWJ5svSLuaibPxXQJFLmBObTuCr0Mf1KiPopGM9NiFjiYBCbfaa2Fh6breQ6ANVTI0A=="
  "resolved" "https://registry.npmjs.org/function-bind/-/function-bind-1.1.1.tgz"
  "version" "1.1.1"

"glob-parent@~5.1.2":
  "integrity" "sha512-AOIgSQCepiJYwP3ARnGx+5VnTu2HBYdzbGP45eLw1vr3zB3vZLeyed1sC9hnbcOc9/SrMyM5RPQrkGz4aS9Zow=="
  "resolved" "https://registry.npmjs.org/glob-parent/-/glob-parent-5.1.2.tgz"
  "version" "5.1.2"
  dependencies:
    "is-glob" "^4.0.1"

"glsl-inject-defines@^1.0.1":
  "integrity" "sha1-3RqswsF/yyvT/DJBHGYz0Ne2D9Q="
  "resolved" "https://registry.npmjs.org/glsl-inject-defines/-/glsl-inject-defines-1.0.3.tgz"
  "version" "1.0.3"
  dependencies:
    "glsl-token-inject-block" "^1.0.0"
    "glsl-token-string" "^1.0.1"
    "glsl-tokenizer" "^2.0.2"

"glsl-resolve@0.0.1":
  "integrity" "sha1-iUvvc5ENeSyBtRQxgANdCnivdtM="
  "resolved" "https://registry.npmjs.org/glsl-resolve/-/glsl-resolve-0.0.1.tgz"
  "version" "0.0.1"
  dependencies:
    "resolve" "^0.6.1"
    "xtend" "^2.1.2"

"glsl-token-assignments@^2.0.0":
  "integrity" "sha1-pdgqt4SZwuimuDy2lJXm5mXOAZ8="
  "resolved" "https://registry.npmjs.org/glsl-token-assignments/-/glsl-token-assignments-2.0.2.tgz"
  "version" "2.0.2"

"glsl-token-defines@^1.0.0":
  "integrity" "sha1-y4kqqVmTYjFyhHDU90AySJaX+p0="
  "resolved" "https://registry.npmjs.org/glsl-token-defines/-/glsl-token-defines-1.0.0.tgz"
  "version" "1.0.0"
  dependencies:
    "glsl-tokenizer" "^2.0.0"

"glsl-token-depth@^1.1.0", "glsl-token-depth@^1.1.1":
  "integrity" "sha1-I8XjDuK9JViEtKKLyFC495HpXYQ="
  "resolved" "https://registry.npmjs.org/glsl-token-depth/-/glsl-token-depth-1.1.2.tgz"
  "version" "1.1.2"

"glsl-token-descope@^1.0.2":
  "integrity" "sha1-D8kKsyYYa4L1l7LnfcniHvzTIHY="
  "resolved" "https://registry.npmjs.org/glsl-token-descope/-/glsl-token-descope-1.0.2.tgz"
  "version" "1.0.2"
  dependencies:
    "glsl-token-assignments" "^2.0.0"
    "glsl-token-depth" "^1.1.0"
    "glsl-token-properties" "^1.0.0"
    "glsl-token-scope" "^1.1.0"

"glsl-token-inject-block@^1.0.0":
  "integrity" "sha1-4QFfWYDBCRgkraomJfHf3ovQADQ="
  "resolved" "https://registry.npmjs.org/glsl-token-inject-block/-/glsl-token-inject-block-1.1.0.tgz"
  "version" "1.1.0"

"glsl-token-properties@^1.0.0":
  "integrity" "sha1-SD3D2Dnw1LXGFx0VkfJJvlPCip4="
  "resolved" "https://registry.npmjs.org/glsl-token-properties/-/glsl-token-properties-1.0.1.tgz"
  "version" "1.0.1"

"glsl-token-scope@^1.1.0", "glsl-token-scope@^1.1.1":
  "integrity" "sha1-oXKOeN8kRE+cuT/RjvD3VQOmQ7E="
  "resolved" "https://registry.npmjs.org/glsl-token-scope/-/glsl-token-scope-1.1.2.tgz"
  "version" "1.1.2"

"glsl-token-string@^1.0.1":
  "integrity" "sha1-WUQdL4V958NEnJRWZgIezjWOSOw="
  "resolved" "https://registry.npmjs.org/glsl-token-string/-/glsl-token-string-1.0.1.tgz"
  "version" "1.0.1"

"glsl-token-whitespace-trim@^1.0.0":
  "integrity" "sha1-RtHf6Yx1vX1QTAXX0RsbPpzJOxA="
  "resolved" "https://registry.npmjs.org/glsl-token-whitespace-trim/-/glsl-token-whitespace-trim-1.0.0.tgz"
  "version" "1.0.0"

"glsl-tokenizer@^2.0.0", "glsl-tokenizer@^2.0.2":
  "integrity" "sha512-XSZEJ/i4dmz3Pmbnpsy3cKh7cotvFlBiZnDOwnj/05EwNp2XrhQ4XKJxT7/pDt4kp4YcpRSKz8eTV7S+mwV6MA=="
  "resolved" "https://registry.npmjs.org/glsl-tokenizer/-/glsl-tokenizer-2.1.5.tgz"
  "version" "2.1.5"
  dependencies:
    "through2" "^0.6.3"

"glslify-bundle@^5.1.1":
  "integrity" "sha512-plaAOQPv62M1r3OsWf2UbjN0hUYAB7Aph5bfH58VxJZJhloRNbxOL9tl/7H71K7OLJoSJ2ZqWOKk3ttQ6wy24A=="
  "resolved" "https://registry.npmjs.org/glslify-bundle/-/glslify-bundle-5.1.1.tgz"
  "version" "5.1.1"
  dependencies:
    "glsl-inject-defines" "^1.0.1"
    "glsl-token-defines" "^1.0.0"
    "glsl-token-depth" "^1.1.1"
    "glsl-token-descope" "^1.0.2"
    "glsl-token-scope" "^1.1.1"
    "glsl-token-string" "^1.0.1"
    "glsl-token-whitespace-trim" "^1.0.0"
    "glsl-tokenizer" "^2.0.2"
    "murmurhash-js" "^1.0.0"
    "shallow-copy" "0.0.1"

"glslify-deps@^1.3.2":
  "integrity" "sha512-7S7IkHWygJRjcawveXQjRXLO2FTjijPDYC7QfZyAQanY+yGLCFHYnPtsGT9bdyHiwPTw/5a1m1M9hamT2aBpag=="
  "resolved" "https://registry.npmjs.org/glslify-deps/-/glslify-deps-1.3.2.tgz"
  "version" "1.3.2"
  dependencies:
    "@choojs/findup" "^0.2.0"
    "events" "^3.2.0"
    "glsl-resolve" "0.0.1"
    "glsl-tokenizer" "^2.0.0"
    "graceful-fs" "^4.1.2"
    "inherits" "^2.0.1"
    "map-limit" "0.0.1"
    "resolve" "^1.0.0"

"graceful-fs@^4.1.2":
  "integrity" "sha512-9ByhssR2fPVsNZj478qUUbKfmL0+t5BDVyjShtyZZLiK7ZDAArFFfopyOTj0M05wE2tJPisA4iTnnXl2YoPvOA=="
  "resolved" "https://registry.npmjs.org/graceful-fs/-/graceful-fs-4.2.10.tgz"
  "version" "4.2.10"

"gsap@^3.10.4":
  "integrity" "sha512-6QatdkKxXCMfvCW4rM++0RqyLQAzFX5nwl3yHS0XPgkZBkiSEY3VZVbMltrdtsbER/xZonLtyHt684wRp4erlQ=="
  "resolved" "https://registry.npmjs.org/gsap/-/gsap-3.10.4.tgz"
  "version" "3.10.4"

"has-flag@^4.0.0":
  "integrity" "sha512-EykJT/Q1KjTWctppgIAgfSO0tKVuZUjhgMr17kqTumMl6Afv3EISleU7qZUzoXDFTAHTDC4NOoG/ZxU3EvlMPQ=="
  "resolved" "https://registry.npmjs.org/has-flag/-/has-flag-4.0.0.tgz"
  "version" "4.0.0"

"has@^1.0.3":
  "integrity" "sha512-f2dvO0VU6Oej7RkWJGrehjbzMAjFp5/VKPp5tTpWIV4JHHZK1/BxbFRtf/siA2SWTe09caDmVtYYzWEIbBS4zw=="
  "resolved" "https://registry.npmjs.org/has/-/has-1.0.3.tgz"
  "version" "1.0.3"
  dependencies:
    "function-bind" "^1.1.1"

"immutable@^4.0.0":
  "integrity" "sha512-zIE9hX70qew5qTUjSS7wi1iwj/l7+m54KWU247nhM3v806UdGj1yDndXj+IOYxxtW9zyLI+xqFNZjTuDaLUqFw=="
  "resolved" "https://registry.npmjs.org/immutable/-/immutable-4.0.0.tgz"
  "version" "4.0.0"

"inherits@^2.0.1", "inherits@~2.0.1":
  "integrity" "sha512-k/vGaX4/Yla3WzyMCvTQOXYeIHvqOKtnqBduzTHpzpQZzAskKMhZ2K+EnBiSM9zGSoIFeMpXKxa4dYeZIQqewQ=="
  "resolved" "https://registry.npmjs.org/inherits/-/inherits-2.0.4.tgz"
  "version" "2.0.4"

"is-binary-path@~2.1.0":
  "integrity" "sha512-ZMERYes6pDydyuGidse7OsHxtbI7WVeUEozgR/g7rd0xUimYNlvZRE/K2MgZTjWy725IfelLeVcEM97mmtRGXw=="
  "resolved" "https://registry.npmjs.org/is-binary-path/-/is-binary-path-2.1.0.tgz"
  "version" "2.1.0"
  dependencies:
    "binary-extensions" "^2.0.0"

"is-core-module@^2.8.1":
  "integrity" "sha512-+5FPy5PnwmO3lvfMb0AsoPaBG+5KHUI0wYFXOtYPnVVVspTFUuMZNfNaNVRt3FZadstu2c8x23vykRW/NBoU6A=="
  "resolved" "https://registry.npmjs.org/is-core-module/-/is-core-module-2.9.0.tgz"
  "version" "2.9.0"
  dependencies:
    "has" "^1.0.3"

"is-extglob@^2.1.1":
  "integrity" "sha1-qIwCU1eR8C7TfHahueqXc8gz+MI="
  "resolved" "https://registry.npmjs.org/is-extglob/-/is-extglob-2.1.1.tgz"
  "version" "2.1.1"

"is-glob@^4.0.1", "is-glob@~4.0.1":
  "integrity" "sha512-xelSayHH36ZgE7ZWhli7pW34hNbNl8Ojv5KVmkJD4hBdD3th8Tfk9vYasLM+mXWOZhFkgZfxhLSnrwRr4elSSg=="
  "resolved" "https://registry.npmjs.org/is-glob/-/is-glob-4.0.3.tgz"
  "version" "4.0.3"
  dependencies:
    "is-extglob" "^2.1.1"

"is-number@^7.0.0":
  "integrity" "sha512-41Cifkg6e8TylSpdtTpeLVMqvSBEVzTttHvERD741+pnZ8ANv0004MRL43QKPDlK9cGvNp6NZWZUBlbGXYxxng=="
  "resolved" "https://registry.npmjs.org/is-number/-/is-number-7.0.0.tgz"
  "version" "7.0.0"

"isarray@0.0.1":
  "integrity" "sha1-ihis/Kmo9Bd+Cav8YDiTmwXR7t8="
  "resolved" "https://registry.npmjs.org/isarray/-/isarray-0.0.1.tgz"
  "version" "0.0.1"

"json-source-map@^0.6.1":
  "integrity" "sha512-1QoztHPsMQqhDq0hlXY5ZqcEdUzxQEIxgFkKl4WUp2pgShObl+9ovi4kRh2TfvAfxAoHOJ9vIMEqk3k4iex7tg=="
  "resolved" "https://registry.npmjs.org/json-source-map/-/json-source-map-0.6.1.tgz"
  "version" "0.6.1"

"json5@^2.2.0":
  "integrity" "sha512-1hqLFMSrGHRHxav9q9gNjJ5EXznIxGVO09xQRrwplcS8qs28pZ8s8hupZAmqDwZUmVZ2Qb2jnyPOWcDH8m8dlA=="
  "resolved" "https://registry.npmjs.org/json5/-/json5-2.2.1.tgz"
  "version" "2.2.1"

"lmdb@2.2.4":
  "integrity" "sha512-gto+BB2uEob8qRiTlOq+R3uX0YNHsX9mjxj9Sbdue/LIKqu6IlZjrsjKeGyOMquc/474GEqFyX2pdytpydp0rQ=="
  "resolved" "https://registry.npmjs.org/lmdb/-/lmdb-2.2.4.tgz"
  "version" "2.2.4"
  dependencies:
    "msgpackr" "^1.5.4"
    "nan" "^2.14.2"
    "node-gyp-build" "^4.2.3"
    "ordered-binary" "^1.2.4"
    "weak-lru-cache" "^1.2.2"

"map-limit@0.0.1":
  "integrity" "sha1-63lhAxwPDo0AG/LVb6toXViCLzg="
  "resolved" "https://registry.npmjs.org/map-limit/-/map-limit-0.0.1.tgz"
  "version" "0.0.1"
  dependencies:
    "once" "~1.3.0"

"msgpackr-extract-darwin-x64@1.1.0":
  "integrity" "sha512-yx/H/i12IKg4eWGu/eKdKzJD4jaYvvujQSaVmeOMCesbSQnWo5X6YR9TFjoiNoU9Aexk1KufzL9gW+1DozG1yw=="
  "resolved" "https://registry.npmjs.org/msgpackr-extract-darwin-x64/-/msgpackr-extract-darwin-x64-1.1.0.tgz"
  "version" "1.1.0"

"msgpackr-extract@^1.1.4":
  "integrity" "sha512-WQbHvsThprXh+EqZYy+SQFEs7z6bNM7a0vgirwUfwUcphWGT2mdPcpyLCNiRsN6w5q5VKJUMblHY+tNEyceb9Q=="
  "resolved" "https://registry.npmjs.org/msgpackr-extract/-/msgpackr-extract-1.1.4.tgz"
  "version" "1.1.4"
  dependencies:
    "node-gyp-build-optional-packages" "^4.3.2"
  optionalDependencies:
    "msgpackr-extract-darwin-arm64" "1.1.0"
    "msgpackr-extract-darwin-x64" "1.1.0"
    "msgpackr-extract-linux-arm" "1.1.0"
    "msgpackr-extract-linux-arm64" "1.1.0"
    "msgpackr-extract-linux-x64" "1.1.0"
    "msgpackr-extract-win32-x64" "1.1.0"

"msgpackr@^1.5.4":
  "integrity" "sha512-Y1Ia1AYKcz30JOAUyyC0jCicI7SeP8NK+SVCGZIeLg2oQs28wSwW2GbHXktk4ZZmrq9/v2jU0JAbvbp2d1ewpg=="
  "resolved" "https://registry.npmjs.org/msgpackr/-/msgpackr-1.5.6.tgz"
  "version" "1.5.6"
  optionalDependencies:
    "msgpackr-extract" "^1.1.4"

"murmurhash-js@^1.0.0":
  "integrity" "sha1-sGJ44h/Gw3+lMTcysEEry2rhX1E="
  "resolved" "https://registry.npmjs.org/murmurhash-js/-/murmurhash-js-1.0.0.tgz"
  "version" "1.0.0"

"nan@^2.14.2":
  "integrity" "sha512-8ZtvEnA2c5aYCZYd1cvgdnU6cqwixRoYg70xPLWUws5ORTa/lnw+u4amixRS/Ac5U5mQVgp9pnlSUnbNWFaWZQ=="
  "resolved" "https://registry.npmjs.org/nan/-/nan-2.15.0.tgz"
  "version" "2.15.0"

"node-addon-api@^3.2.1":
  "integrity" "sha512-mmcei9JghVNDYydghQmeDX8KoAm0FAiYyIcUt/N4nhyAipB17pllZQDOJD2fotxABnt4Mdz+dKTO7eftLg4d0A=="
  "resolved" "https://registry.npmjs.org/node-addon-api/-/node-addon-api-3.2.1.tgz"
  "version" "3.2.1"

"node-gyp-build-optional-packages@^4.3.2":
  "integrity" "sha512-P5Ep3ISdmwcCkZIaBaQamQtWAG0facC89phWZgi5Z3hBU//J6S48OIvyZWSPPf6yQMklLZiqoosWAZUj7N+esA=="
  "resolved" "https://registry.npmjs.org/node-gyp-build-optional-packages/-/node-gyp-build-optional-packages-4.3.2.tgz"
  "version" "4.3.2"

"node-gyp-build@^4.2.3", "node-gyp-build@^4.3.0":
  "integrity" "sha512-amJnQCcgtRVw9SvoebO3BKGESClrfXGCUTX9hSn1OuGQTQBOZmVd0Z0OlecpuRksKvbsUqALE8jls/ErClAPuQ=="
  "resolved" "https://registry.npmjs.org/node-gyp-build/-/node-gyp-build-4.4.0.tgz"
  "version" "4.4.0"

"node-releases@^2.0.2":
  "integrity" "sha512-maHFz6OLqYxz+VQyCAtA3PTX4UP/53pa05fyDNc9CwjvJ0yEh6+xBwKsgCxMNhS8taUKBFYxfuiaD9U/55iFaw=="
  "resolved" "https://registry.npmjs.org/node-releases/-/node-releases-2.0.3.tgz"
  "version" "2.0.3"

"normalize-path@^3.0.0", "normalize-path@~3.0.0":
  "integrity" "sha512-6eZs5Ls3WtCisHWp9S2GUy8dqkpGi4BVSz3GaqiE6ezub0512ESztXUwUB6C6IKbQkY2Pnb/mD4WYojCRwcwLA=="
  "resolved" "https://registry.npmjs.org/normalize-path/-/normalize-path-3.0.0.tgz"
  "version" "3.0.0"

"nullthrows@^1.1.1":
  "integrity" "sha512-2vPPEi+Z7WqML2jZYddDIfy5Dqb0r2fze2zTxNNknZaFpVHU3mFB3R+DWeJWGVx0ecvttSGlJTI+WG+8Z4cDWw=="
  "resolved" "https://registry.npmjs.org/nullthrows/-/nullthrows-1.1.1.tgz"
  "version" "1.1.1"

"once@~1.3.0":
  "integrity" "sha1-suJhVXzkwxTsgwTz+oJmPkKXyiA="
  "resolved" "https://registry.npmjs.org/once/-/once-1.3.3.tgz"
  "version" "1.3.3"
  dependencies:
    "wrappy" "1"

"ordered-binary@^1.2.4":
  "integrity" "sha512-djRmZoEpOGvIRW7ufsCDHtvcUa18UC9TxnPbHhSVFZHsoyg0dtut1bWtBZ/fmxdPN62oWXrV6adM7NoWU+CneA=="
  "resolved" "https://registry.npmjs.org/ordered-binary/-/ordered-binary-1.2.5.tgz"
  "version" "1.2.5"

"path-parse@^1.0.7":
  "integrity" "sha512-LDJzPVEEEPR+y48z93A0Ed0yXb8pAByGWo/k5YYdYgpY2/2EsOsksJrq7lOHxryrVOn1ejG6oAp8ahvOIQD8sw=="
  "resolved" "https://registry.npmjs.org/path-parse/-/path-parse-1.0.7.tgz"
  "version" "1.0.7"

"picocolors@^1.0.0":
  "integrity" "sha512-1fygroTLlHu66zi26VoTDv8yRgm0Fccecssto+MhsZ0D/DGW2sm8E8AjW7NU5VVTRt5GxbeZ5qBuJr+HyLYkjQ=="
  "resolved" "https://registry.npmjs.org/picocolors/-/picocolors-1.0.0.tgz"
  "version" "1.0.0"

"picomatch@^2.0.4", "picomatch@^2.2.1":
  "integrity" "sha512-JU3teHTNjmE2VCGFzuY8EXzCDVwEqB2a8fsIvwaStHhAWJEeVd1o1QD80CU6+ZdEXXSLbSsuLwJjkCBWqRQUVA=="
  "resolved" "https://registry.npmjs.org/picomatch/-/picomatch-2.3.1.tgz"
  "version" "2.3.1"

"readable-stream@>=1.0.33-1 <1.1.0-0":
  "integrity" "sha1-Elgg40vIQtLyqq+v5MKRbuMsFXw="
  "resolved" "https://registry.npmjs.org/readable-stream/-/readable-stream-1.0.34.tgz"
  "version" "1.0.34"
  dependencies:
    "core-util-is" "~1.0.0"
    "inherits" "~2.0.1"
    "isarray" "0.0.1"
    "string_decoder" "~0.10.x"

"readdirp@~3.6.0":
  "integrity" "sha512-hOS089on8RduqdbhvQ5Z37A0ESjsqz6qnRcffsMU3495FuTdqSm+7bhJ29JvIOsBDEEnan5DPu9t3To9VRlMzA=="
  "resolved" "https://registry.npmjs.org/readdirp/-/readdirp-3.6.0.tgz"
  "version" "3.6.0"
  dependencies:
    "picomatch" "^2.2.1"

"resolve@^0.6.1":
  "integrity" "sha1-3ZV5gufnNt699TtYpN2RdUV13UY="
  "resolved" "https://registry.npmjs.org/resolve/-/resolve-0.6.3.tgz"
  "version" "0.6.3"

"resolve@^1.0.0":
  "integrity" "sha512-Hhtrw0nLeSrFQ7phPp4OOcVjLPIeMnRlr5mcnVuMe7M/7eBn98A3hmFRLoFo3DLZkivSYwhRUJTyPyWAk56WLw=="
  "resolved" "https://registry.npmjs.org/resolve/-/resolve-1.22.0.tgz"
  "version" "1.22.0"
  dependencies:
    "is-core-module" "^2.8.1"
    "path-parse" "^1.0.7"
    "supports-preserve-symlinks-flag" "^1.0.0"

"safe-buffer@^5.0.1":
  "integrity" "sha512-rp3So07KcdmmKbGvgaNxQSJr7bGVSVk5S9Eq1F+ppbRo70+YeaDxkw5Dd8NPN+GD6bjnYm2VuPuCXmpuYvmCXQ=="
  "resolved" "https://registry.npmjs.org/safe-buffer/-/safe-buffer-5.2.1.tgz"
  "version" "5.2.1"

"sass@^1.38.0":
  "integrity" "sha512-noTnY41KnlW2A9P8sdwESpDmo+KBNkukI1i8+hOK3footBUcohNHtdOJbckp46XO95nuvcHDDZ+4tmOnpK3hjw=="
  "resolved" "https://registry.npmjs.org/sass/-/sass-1.50.1.tgz"
  "version" "1.50.1"
  dependencies:
    "chokidar" ">=3.0.0 <4.0.0"
    "immutable" "^4.0.0"
    "source-map-js" ">=0.6.2 <2.0.0"

"semver@^5.7.1":
  "integrity" "sha512-sauaDf/PZdVgrLTNYHRtpXa1iRiKcaebiKQ1BJdpQlWH2lCvexQdX55snPFyK7QzpudqbCI0qXFfOasHdyNDGQ=="
  "resolved" "https://registry.npmjs.org/semver/-/semver-5.7.1.tgz"
  "version" "5.7.1"

"shallow-copy@0.0.1":
  "integrity" "sha1-QV9CcC1z2BAzApLMXuhurhoRoXA="
  "resolved" "https://registry.npmjs.org/shallow-copy/-/shallow-copy-0.0.1.tgz"
  "version" "0.0.1"

"source-map-js@>=0.6.2 <2.0.0":
  "integrity" "sha512-R0XvVJ9WusLiqTCEiGCmICCMplcCkIwwR11mOSD9CR5u+IXYdiseeEuXCVAjS54zqwkLcPNnmU4OeJ6tUrWhDw=="
  "resolved" "https://registry.npmjs.org/source-map-js/-/source-map-js-1.0.2.tgz"
  "version" "1.0.2"

"string_decoder@~0.10.x":
  "integrity" "sha1-YuIDvEF2bGwoyfyEMB2rHFMQ+pQ="
  "resolved" "https://registry.npmjs.org/string_decoder/-/string_decoder-0.10.31.tgz"
  "version" "0.10.31"

"supports-color@^7.1.0":
  "integrity" "sha512-qpCAvRl9stuOHveKsn7HncJRvv501qIacKzQlO/+Lwxc9+0q2wLyv4Dfvt80/DPn2pqOBsJdDiogXGR9+OvwRw=="
  "resolved" "https://registry.npmjs.org/supports-color/-/supports-color-7.2.0.tgz"
  "version" "7.2.0"
  dependencies:
    "has-flag" "^4.0.0"

"supports-preserve-symlinks-flag@^1.0.0":
  "integrity" "sha512-ot0WnXS9fgdkgIcePe6RHNk1WA8+muPa6cSjeR3V8K27q9BB1rTE3R1p7Hv0z1ZyAc8s6Vvv8DIyWf681MAt0w=="
  "resolved" "https://registry.npmjs.org/supports-preserve-symlinks-flag/-/supports-preserve-symlinks-flag-1.0.0.tgz"
  "version" "1.0.0"

"three@^0.139.2":
  "integrity" "sha512-gV7q7QY8rogu7HLFZR9cWnOQAUedUhu2WXAnpr2kdXZP9YDKsG/0ychwQvWkZN5PlNw9mv5MoCTin6zNTXoONg=="
  "resolved" "https://registry.npmjs.org/three/-/three-0.139.2.tgz"
  "version" "0.139.2"

"through2@^0.6.3":
  "integrity" "sha1-QaucZ7KdVyCQcUEOHXp6lozTrUg="
  "resolved" "https://registry.npmjs.org/through2/-/through2-0.6.5.tgz"
  "version" "0.6.5"
  dependencies:
    "readable-stream" ">=1.0.33-1 <1.1.0-0"
    "xtend" ">=4.0.0 <4.1.0-0"

"to-regex-range@^5.0.1":
  "integrity" "sha512-65P7iz6X5yEr1cwcgvQxbbIw7Uk3gOy5dIdtZ4rDveLqhrdJP+Li/Hx6tyK0NEb+2GCyneCMJiGqrADCSNk8sQ=="
  "resolved" "https://registry.npmjs.org/to-regex-range/-/to-regex-range-5.0.1.tgz"
  "version" "5.0.1"
  dependencies:
    "is-number" "^7.0.0"

"utility-types@^3.10.0":
  "integrity" "sha512-O11mqxmi7wMKCo6HKFt5AhO4BwY3VV68YU07tgxfz8zJTIxr4BpsezN49Ffwy9j3ZpwwJp4fkRwjRzq3uWE6Rg=="
  "resolved" "https://registry.npmjs.org/utility-types/-/utility-types-3.10.0.tgz"
  "version" "3.10.0"

"weak-lru-cache@^1.2.2":
  "integrity" "sha512-DEAoo25RfSYMuTGc9vPJzZcZullwIqRDSI9LOy+fkCJPi6hykCnfKaXTuPBDuXAUcqHXyOgFtHNp/kB2FjYHbw=="
  "resolved" "https://registry.npmjs.org/weak-lru-cache/-/weak-lru-cache-1.2.2.tgz"
  "version" "1.2.2"

"wrappy@1":
  "integrity" "sha1-tSQ9jz7BqjXxNkYFvA0QNuMKtp8="
  "resolved" "https://registry.npmjs.org/wrappy/-/wrappy-1.0.2.tgz"
  "version" "1.0.2"

"xtend@^2.1.2":
  "integrity" "sha1-7vax8ZjByN6vrYsXZaBNrUoBxak="
  "resolved" "https://registry.npmjs.org/xtend/-/xtend-2.2.0.tgz"
  "version" "2.2.0"

"xtend@>=4.0.0 <4.1.0-0":
  "integrity" "sha512-LKYU1iAXJXUgAXn9URjiu+MWhyUXHsvfp7mcuYm9dSUKK0/CjtrUwFAxD82/mCWbtLsGjFIad0wIsod4zrTAEQ=="
  "resolved" "https://registry.npmjs.org/xtend/-/xtend-4.0.2.tgz"
  "version" "4.0.2"

"xxhash-wasm@^0.4.2":
  "integrity" "sha512-/eyHVRJQCirEkSZ1agRSCwriMhwlyUcFkXD5TPVSLP+IPzjsqMVzZwdoczLp1SoQU0R3dxz1RpIK+4YNQbCVOA=="
  "resolved" "https://registry.npmjs.org/xxhash-wasm/-/xxhash-wasm-0.4.2.tgz"
  "version" "0.4.2"
